// !$*UTF8*$!
{
	archiveVersion = 1;
	classes = {
	};
	objectVersion = 56;
	objects = {

/* Begin PBXBuildFile section */
		099CC079295C8C95001A4627 /* R_MRestApp.swift in Sources */ = {isa = PBXBuildFile; fileRef = 099CC078295C8C95001A4627 /* R_MRestApp.swift */; };
		099CC07B295C8C95001A4627 /* ContentView.swift in Sources */ = {isa = PBXBuildFile; fileRef = 099CC07A295C8C95001A4627 /* ContentView.swift */; };
		099CC07D295C8C96001A4627 /* Assets.xcassets in Resources */ = {isa = PBXBuildFile; fileRef = 099CC07C295C8C96001A4627 /* Assets.xcassets */; };
		099CC080295C8C96001A4627 /* Preview Assets.xcassets in Resources */ = {isa = PBXBuildFile; fileRef = 099CC07F295C8C96001A4627 /* Preview Assets.xcassets */; };
		099CC093295C8FBE001A4627 /* RickAndMortyDataServices.swift in Sources */ = {isa = PBXBuildFile; fileRef = 099CC092295C8FBE001A4627 /* RickAndMortyDataServices.swift */; };
		099CC095295C8FCC001A4627 /* RickAndMortyService.swift in Sources */ = {isa = PBXBuildFile; fileRef = 099CC094295C8FCC001A4627 /* RickAndMortyService.swift */; };
		099CC097295C8FD6001A4627 /* Service.swift in Sources */ = {isa = PBXBuildFile; fileRef = 099CC096295C8FD6001A4627 /* Service.swift */; };
		099CC099295C8FEA001A4627 /* Extension.swift in Sources */ = {isa = PBXBuildFile; fileRef = 099CC098295C8FEA001A4627 /* Extension.swift */; };
		099CC09B295C9003001A4627 /* Database.swift in Sources */ = {isa = PBXBuildFile; fileRef = 099CC09A295C9003001A4627 /* Database.swift */; };
		09BD3B21295CA45500D9002D /* CharacterModel.swift in Sources */ = {isa = PBXBuildFile; fileRef = 09BD3B20295CA45500D9002D /* CharacterModel.swift */; };
		09BD3B23295CA46A00D9002D /* LocationModel.swift in Sources */ = {isa = PBXBuildFile; fileRef = 09BD3B22295CA46A00D9002D /* LocationModel.swift */; };
		09BD3B25295CA47C00D9002D /* EpisodeModel.swift in Sources */ = {isa = PBXBuildFile; fileRef = 09BD3B24295CA47C00D9002D /* EpisodeModel.swift */; };
		09BD3B27295CA49300D9002D /* Episode.swift in Sources */ = {isa = PBXBuildFile; fileRef = 09BD3B26295CA49300D9002D /* Episode.swift */; };
		09BD3B29295CA49C00D9002D /* Location.swift in Sources */ = {isa = PBXBuildFile; fileRef = 09BD3B28295CA49C00D9002D /* Location.swift */; };
		09BD3B2B295CA4A700D9002D /* Favorites.swift in Sources */ = {isa = PBXBuildFile; fileRef = 09BD3B2A295CA4A700D9002D /* Favorites.swift */; };
		09BD3B2D295CA4AF00D9002D /* Character.swift in Sources */ = {isa = PBXBuildFile; fileRef = 09BD3B2C295CA4AF00D9002D /* Character.swift */; };
		09BD3B2F295CA4FE00D9002D /* RickAndMortyViewModel.swift in Sources */ = {isa = PBXBuildFile; fileRef = 09BD3B2E295CA4FE00D9002D /* RickAndMortyViewModel.swift */; };
		09BD3B31295CA50C00D9002D /* LocationViewViewModel.swift in Sources */ = {isa = PBXBuildFile; fileRef = 09BD3B30295CA50C00D9002D /* LocationViewViewModel.swift */; };
		09BD3B33295CA51700D9002D /* LocationDetailViewModel.swift in Sources */ = {isa = PBXBuildFile; fileRef = 09BD3B32295CA51700D9002D /* LocationDetailViewModel.swift */; };
		09BD3B35295CA52600D9002D /* EpisodeViewViewModel.swift in Sources */ = {isa = PBXBuildFile; fileRef = 09BD3B34295CA52600D9002D /* EpisodeViewViewModel.swift */; };
		09BD3B37295CA53000D9002D /* EpisodeDetailViewModel.swift in Sources */ = {isa = PBXBuildFile; fileRef = 09BD3B36295CA53000D9002D /* EpisodeDetailViewModel.swift */; };
		09BD3B39295CA56700D9002D /* CharacterView.swift in Sources */ = {isa = PBXBuildFile; fileRef = 09BD3B38295CA56700D9002D /* CharacterView.swift */; };
		09BD3B3B295CA57E00D9002D /* CharacterCardView.swift in Sources */ = {isa = PBXBuildFile; fileRef = 09BD3B3A295CA57E00D9002D /* CharacterCardView.swift */; };
		09BD3B3D295CA58D00D9002D /* CharacterDetailView.swift in Sources */ = {isa = PBXBuildFile; fileRef = 09BD3B3C295CA58D00D9002D /* CharacterDetailView.swift */; };
		09BD3B3F295CA60700D9002D /* Localizable.strings in Resources */ = {isa = PBXBuildFile; fileRef = 09BD3B3E295CA60700D9002D /* Localizable.strings */; };
		09BD3B41295CA61300D9002D /* LocaleKeys.swift in Sources */ = {isa = PBXBuildFile; fileRef = 09BD3B40295CA61300D9002D /* LocaleKeys.swift */; };
		09BD3B43295CA63800D9002D /* EpisodeView.swift in Sources */ = {isa = PBXBuildFile; fileRef = 09BD3B42295CA63800D9002D /* EpisodeView.swift */; };
		09BD3B45295CA64A00D9002D /* EpisodeCardView.swift in Sources */ = {isa = PBXBuildFile; fileRef = 09BD3B44295CA64A00D9002D /* EpisodeCardView.swift */; };
		09BD3B47295CA65900D9002D /* EpisodeDetailView.swift in Sources */ = {isa = PBXBuildFile; fileRef = 09BD3B46295CA65900D9002D /* EpisodeDetailView.swift */; };
		09BD3B49295CA66400D9002D /* Locations.swift in Sources */ = {isa = PBXBuildFile; fileRef = 09BD3B48295CA66400D9002D /* Locations.swift */; };
		09BD3B4B295CA67100D9002D /* LocationCardView.swift in Sources */ = {isa = PBXBuildFile; fileRef = 09BD3B4A295CA67100D9002D /* LocationCardView.swift */; };
		09BD3B4D295CA68000D9002D /* LocationDetailView.swift in Sources */ = {isa = PBXBuildFile; fileRef = 09BD3B4C295CA68000D9002D /* LocationDetailView.swift */; };
/* End PBXBuildFile section */

/* Begin PBXFileReference section */
		099CC075295C8C95001A4627 /* R&MRest.app */ = {isa = PBXFileReference; explicitFileType = wrapper.application; includeInIndex = 0; path = "R&MRest.app"; sourceTree = BUILT_PRODUCTS_DIR; };
		099CC078295C8C95001A4627 /* R_MRestApp.swift */ = {isa = PBXFileReference; lastKnownFileType = sourcecode.swift; path = R_MRestApp.swift; sourceTree = "<group>"; };
		099CC07A295C8C95001A4627 /* ContentView.swift */ = {isa = PBXFileReference; lastKnownFileType = sourcecode.swift; path = ContentView.swift; sourceTree = "<group>"; };
		099CC07C295C8C96001A4627 /* Assets.xcassets */ = {isa = PBXFileReference; lastKnownFileType = folder.assetcatalog; path = Assets.xcassets; sourceTree = "<group>"; };
		099CC07F295C8C96001A4627 /* Preview Assets.xcassets */ = {isa = PBXFileReference; lastKnownFileType = folder.assetcatalog; path = "Preview Assets.xcassets"; sourceTree = "<group>"; };
		099CC092295C8FBE001A4627 /* RickAndMortyDataServices.swift */ = {isa = PBXFileReference; lastKnownFileType = sourcecode.swift; path = RickAndMortyDataServices.swift; sourceTree = "<group>"; };
		099CC094295C8FCC001A4627 /* RickAndMortyService.swift */ = {isa = PBXFileReference; lastKnownFileType = sourcecode.swift; path = RickAndMortyService.swift; sourceTree = "<group>"; };
		099CC096295C8FD6001A4627 /* Service.swift */ = {isa = PBXFileReference; lastKnownFileType = sourcecode.swift; path = Service.swift; sourceTree = "<group>"; };
		099CC098295C8FEA001A4627 /* Extension.swift */ = {isa = PBXFileReference; lastKnownFileType = sourcecode.swift; path = Extension.swift; sourceTree = "<group>"; };
		099CC09A295C9003001A4627 /* Database.swift */ = {isa = PBXFileReference; lastKnownFileType = sourcecode.swift; path = Database.swift; sourceTree = "<group>"; };
		09BD3B20295CA45500D9002D /* CharacterModel.swift */ = {isa = PBXFileReference; lastKnownFileType = sourcecode.swift; path = CharacterModel.swift; sourceTree = "<group>"; };
		09BD3B22295CA46A00D9002D /* LocationModel.swift */ = {isa = PBXFileReference; lastKnownFileType = sourcecode.swift; path = LocationModel.swift; sourceTree = "<group>"; };
		09BD3B24295CA47C00D9002D /* EpisodeModel.swift */ = {isa = PBXFileReference; lastKnownFileType = sourcecode.swift; path = EpisodeModel.swift; sourceTree = "<group>"; };
		09BD3B26295CA49300D9002D /* Episode.swift */ = {isa = PBXFileReference; lastKnownFileType = sourcecode.swift; path = Episode.swift; sourceTree = "<group>"; };
		09BD3B28295CA49C00D9002D /* Location.swift */ = {isa = PBXFileReference; lastKnownFileType = sourcecode.swift; path = Location.swift; sourceTree = "<group>"; };
		09BD3B2A295CA4A700D9002D /* Favorites.swift */ = {isa = PBXFileReference; lastKnownFileType = sourcecode.swift; path = Favorites.swift; sourceTree = "<group>"; };
		09BD3B2C295CA4AF00D9002D /* Character.swift */ = {isa = PBXFileReference; lastKnownFileType = sourcecode.swift; path = Character.swift; sourceTree = "<group>"; };
		09BD3B2E295CA4FE00D9002D /* RickAndMortyViewModel.swift */ = {isa = PBXFileReference; lastKnownFileType = sourcecode.swift; path = RickAndMortyViewModel.swift; sourceTree = "<group>"; };
		09BD3B30295CA50C00D9002D /* LocationViewViewModel.swift */ = {isa = PBXFileReference; lastKnownFileType = sourcecode.swift; path = LocationViewViewModel.swift; sourceTree = "<group>"; };
		09BD3B32295CA51700D9002D /* LocationDetailViewModel.swift */ = {isa = PBXFileReference; lastKnownFileType = sourcecode.swift; path = LocationDetailViewModel.swift; sourceTree = "<group>"; };
		09BD3B34295CA52600D9002D /* EpisodeViewViewModel.swift */ = {isa = PBXFileReference; lastKnownFileType = sourcecode.swift; path = EpisodeViewViewModel.swift; sourceTree = "<group>"; };
		09BD3B36295CA53000D9002D /* EpisodeDetailViewModel.swift */ = {isa = PBXFileReference; lastKnownFileType = sourcecode.swift; path = EpisodeDetailViewModel.swift; sourceTree = "<group>"; };
		09BD3B38295CA56700D9002D /* CharacterView.swift */ = {isa = PBXFileReference; lastKnownFileType = sourcecode.swift; path = CharacterView.swift; sourceTree = "<group>"; };
		09BD3B3A295CA57E00D9002D /* CharacterCardView.swift */ = {isa = PBXFileReference; lastKnownFileType = sourcecode.swift; path = CharacterCardView.swift; sourceTree = "<group>"; };
		09BD3B3C295CA58D00D9002D /* CharacterDetailView.swift */ = {isa = PBXFileReference; lastKnownFileType = sourcecode.swift; path = CharacterDetailView.swift; sourceTree = "<group>"; };
		09BD3B3E295CA60700D9002D /* Localizable.strings */ = {isa = PBXFileReference; lastKnownFileType = text.plist.strings; path = Localizable.strings; sourceTree = "<group>"; };
		09BD3B40295CA61300D9002D /* LocaleKeys.swift */ = {isa = PBXFileReference; lastKnownFileType = sourcecode.swift; path = LocaleKeys.swift; sourceTree = "<group>"; };
		09BD3B42295CA63800D9002D /* EpisodeView.swift */ = {isa = PBXFileReference; lastKnownFileType = sourcecode.swift; path = EpisodeView.swift; sourceTree = "<group>"; };
		09BD3B44295CA64A00D9002D /* EpisodeCardView.swift */ = {isa = PBXFileReference; lastKnownFileType = sourcecode.swift; path = EpisodeCardView.swift; sourceTree = "<group>"; };
		09BD3B46295CA65900D9002D /* EpisodeDetailView.swift */ = {isa = PBXFileReference; lastKnownFileType = sourcecode.swift; path = EpisodeDetailView.swift; sourceTree = "<group>"; };
		09BD3B48295CA66400D9002D /* Locations.swift */ = {isa = PBXFileReference; lastKnownFileType = sourcecode.swift; path = Locations.swift; sourceTree = "<group>"; };
		09BD3B4A295CA67100D9002D /* LocationCardView.swift */ = {isa = PBXFileReference; lastKnownFileType = sourcecode.swift; path = LocationCardView.swift; sourceTree = "<group>"; };
		09BD3B4C295CA68000D9002D /* LocationDetailView.swift */ = {isa = PBXFileReference; lastKnownFileType = sourcecode.swift; path = LocationDetailView.swift; sourceTree = "<group>"; };
/* End PBXFileReference section */

/* Begin PBXFrameworksBuildPhase section */
		099CC072295C8C95001A4627 /* Frameworks */ = {
			isa = PBXFrameworksBuildPhase;
			buildActionMask = 2147483647;
			files = (
			);
			runOnlyForDeploymentPostprocessing = 0;
		};
/* End PBXFrameworksBuildPhase section */

/* Begin PBXGroup section */
		099CC06C295C8C95001A4627 = {
			isa = PBXGroup;
			children = (
				099CC077295C8C95001A4627 /* R&MRest */,
				099CC076295C8C95001A4627 /* Products */,
			);
			sourceTree = "<group>";
		};
		099CC076295C8C95001A4627 /* Products */ = {
			isa = PBXGroup;
			children = (
				099CC075295C8C95001A4627 /* R&MRest.app */,
			);
			name = Products;
			sourceTree = "<group>";
		};
		099CC077295C8C95001A4627 /* R&MRest */ = {
			isa = PBXGroup;
			children = (
				099CC078295C8C95001A4627 /* R_MRestApp.swift */,
				099CC07A295C8C95001A4627 /* ContentView.swift */,
				099CC086295C8CD2001A4627 /* Model */,
				099CC08B295C8D33001A4627 /* Views */,
				099CC087295C8CF2001A4627 /* ViewModels */,
				099CC08F295C8D64001A4627 /* Services */,
				099CC091295C8D79001A4627 /* Local */,
				099CC090295C8D72001A4627 /* BuildTools */,
				099CC07C295C8C96001A4627 /* Assets.xcassets */,
				099CC07E295C8C96001A4627 /* Preview Content */,
			);
			path = "R&MRest";
			sourceTree = "<group>";
		};
		099CC07E295C8C96001A4627 /* Preview Content */ = {
			isa = PBXGroup;
			children = (
				099CC07F295C8C96001A4627 /* Preview Assets.xcassets */,
			);
			path = "Preview Content";
			sourceTree = "<group>";
		};
		099CC086295C8CD2001A4627 /* Model */ = {
			isa = PBXGroup;
			children = (
				09BD3B20295CA45500D9002D /* CharacterModel.swift */,
				09BD3B22295CA46A00D9002D /* LocationModel.swift */,
				09BD3B24295CA47C00D9002D /* EpisodeModel.swift */,
				09BD3B26295CA49300D9002D /* Episode.swift */,
				09BD3B28295CA49C00D9002D /* Location.swift */,
				09BD3B2A295CA4A700D9002D /* Favorites.swift */,
				09BD3B2C295CA4AF00D9002D /* Character.swift */,
			);
			path = Model;
			sourceTree = "<group>";
		};
		099CC087295C8CF2001A4627 /* ViewModels */ = {
			isa = PBXGroup;
			children = (
				099CC088295C8D00001A4627 /* CharacterViewModel */,
				099CC08A295C8D1D001A4627 /* LocationViewModel */,
				099CC089295C8D14001A4627 /* EpisodeViewModel */,
			);
			path = ViewModels;
			sourceTree = "<group>";
		};
		099CC088295C8D00001A4627 /* CharacterViewModel */ = {
			isa = PBXGroup;
			children = (
				09BD3B2E295CA4FE00D9002D /* RickAndMortyViewModel.swift */,
			);
			path = CharacterViewModel;
			sourceTree = "<group>";
		};
		099CC089295C8D14001A4627 /* EpisodeViewModel */ = {
			isa = PBXGroup;
			children = (
				09BD3B34295CA52600D9002D /* EpisodeViewViewModel.swift */,
				09BD3B36295CA53000D9002D /* EpisodeDetailViewModel.swift */,
			);
			path = EpisodeViewModel;
			sourceTree = "<group>";
		};
		099CC08A295C8D1D001A4627 /* LocationViewModel */ = {
			isa = PBXGroup;
			children = (
				09BD3B30295CA50C00D9002D /* LocationViewViewModel.swift */,
				09BD3B32295CA51700D9002D /* LocationDetailViewModel.swift */,
			);
			path = LocationViewModel;
			sourceTree = "<group>";
		};
		099CC08B295C8D33001A4627 /* Views */ = {
			isa = PBXGroup;
			children = (
				099CC08C295C8D3B001A4627 /* Character */,
				099CC08E295C8D4D001A4627 /* Episode */,
				099CC08D295C8D40001A4627 /* Locations */,
			);
			path = Views;
			sourceTree = "<group>";
		};
		099CC08C295C8D3B001A4627 /* Character */ = {
			isa = PBXGroup;
			children = (
				09BD3B38295CA56700D9002D /* CharacterView.swift */,
				09BD3B3A295CA57E00D9002D /* CharacterCardView.swift */,
				09BD3B3C295CA58D00D9002D /* CharacterDetailView.swift */,
			);
			path = Character;
			sourceTree = "<group>";
		};
		099CC08D295C8D40001A4627 /* Locations */ = {
			isa = PBXGroup;
			children = (
				09BD3B48295CA66400D9002D /* Locations.swift */,
				09BD3B4A295CA67100D9002D /* LocationCardView.swift */,
				09BD3B4C295CA68000D9002D /* LocationDetailView.swift */,
			);
			path = Locations;
			sourceTree = "<group>";
		};
		099CC08E295C8D4D001A4627 /* Episode */ = {
			isa = PBXGroup;
			children = (
				09BD3B42295CA63800D9002D /* EpisodeView.swift */,
				09BD3B44295CA64A00D9002D /* EpisodeCardView.swift */,
				09BD3B46295CA65900D9002D /* EpisodeDetailView.swift */,
			);
			path = Episode;
			sourceTree = "<group>";
		};
		099CC08F295C8D64001A4627 /* Services */ = {
			isa = PBXGroup;
			children = (
				099CC092295C8FBE001A4627 /* RickAndMortyDataServices.swift */,
				099CC094295C8FCC001A4627 /* RickAndMortyService.swift */,
				099CC096295C8FD6001A4627 /* Service.swift */,
				099CC098295C8FEA001A4627 /* Extension.swift */,
				099CC09A295C9003001A4627 /* Database.swift */,
			);
			path = Services;
			sourceTree = "<group>";
		};
		099CC090295C8D72001A4627 /* BuildTools */ = {
			isa = PBXGroup;
			children = (
			);
			path = BuildTools;
			sourceTree = "<group>";
		};
		099CC091295C8D79001A4627 /* Local */ = {
			isa = PBXGroup;
			children = (
				09BD3B3E295CA60700D9002D /* Localizable.strings */,
				09BD3B40295CA61300D9002D /* LocaleKeys.swift */,
			);
			path = Local;
			sourceTree = "<group>";
		};
/* End PBXGroup section */

/* Begin PBXNativeTarget section */
		099CC074295C8C95001A4627 /* R&MRest */ = {
			isa = PBXNativeTarget;
			buildConfigurationList = 099CC083295C8C96001A4627 /* Build configuration list for PBXNativeTarget "R&MRest" */;
			buildPhases = (
				099CC071295C8C95001A4627 /* Sources */,
				099CC072295C8C95001A4627 /* Frameworks */,
				099CC073295C8C95001A4627 /* Resources */,
			);
			buildRules = (
			);
			dependencies = (
			);
			name = "R&MRest";
			productName = "R&MRest";
			productReference = 099CC075295C8C95001A4627 /* R&MRest.app */;
			productType = "com.apple.product-type.application";
		};
/* End PBXNativeTarget section */

/* Begin PBXProject section */
		099CC06D295C8C95001A4627 /* Project object */ = {
			isa = PBXProject;
			attributes = {
				BuildIndependentTargetsInParallel = 1;
				LastSwiftUpdateCheck = 1410;
				LastUpgradeCheck = 1410;
				TargetAttributes = {
					099CC074295C8C95001A4627 = {
						CreatedOnToolsVersion = 14.1;
					};
				};
			};
			buildConfigurationList = 099CC070295C8C95001A4627 /* Build configuration list for PBXProject "R&MRest" */;
			compatibilityVersion = "Xcode 14.0";
			developmentRegion = en;
			hasScannedForEncodings = 0;
			knownRegions = (
				en,
				Base,
			);
			mainGroup = 099CC06C295C8C95001A4627;
			productRefGroup = 099CC076295C8C95001A4627 /* Products */;
			projectDirPath = "";
			projectRoot = "";
			targets = (
				099CC074295C8C95001A4627 /* R&MRest */,
			);
		};
/* End PBXProject section */

/* Begin PBXResourcesBuildPhase section */
		099CC073295C8C95001A4627 /* Resources */ = {
			isa = PBXResourcesBuildPhase;
			buildActionMask = 2147483647;
			files = (
				099CC080295C8C96001A4627 /* Preview Assets.xcassets in Resources */,
				09BD3B3F295CA60700D9002D /* Localizable.strings in Resources */,
				099CC07D295C8C96001A4627 /* Assets.xcassets in Resources */,
			);
			runOnlyForDeploymentPostprocessing = 0;
		};
/* End PBXResourcesBuildPhase section */

/* Begin PBXSourcesBuildPhase section */
		099CC071295C8C95001A4627 /* Sources */ = {
			isa = PBXSourcesBuildPhase;
			buildActionMask = 2147483647;
			files = (
				09BD3B33295CA51700D9002D /* LocationDetailViewModel.swift in Sources */,
				09BD3B4D295CA68000D9002D /* LocationDetailView.swift in Sources */,
				09BD3B3D295CA58D00D9002D /* CharacterDetailView.swift in Sources */,
				099CC095295C8FCC001A4627 /* RickAndMortyService.swift in Sources */,
				09BD3B39295CA56700D9002D /* CharacterView.swift in Sources */,
				099CC07B295C8C95001A4627 /* ContentView.swift in Sources */,
				099CC097295C8FD6001A4627 /* Service.swift in Sources */,
				099CC099295C8FEA001A4627 /* Extension.swift in Sources */,
				09BD3B4B295CA67100D9002D /* LocationCardView.swift in Sources */,
				09BD3B23295CA46A00D9002D /* LocationModel.swift in Sources */,
				09BD3B45295CA64A00D9002D /* EpisodeCardView.swift in Sources */,
				09BD3B27295CA49300D9002D /* Episode.swift in Sources */,
				09BD3B31295CA50C00D9002D /* LocationViewViewModel.swift in Sources */,
				09BD3B47295CA65900D9002D /* EpisodeDetailView.swift in Sources */,
				099CC093295C8FBE001A4627 /* RickAndMortyDataServices.swift in Sources */,
				09BD3B35295CA52600D9002D /* EpisodeViewViewModel.swift in Sources */,
				09BD3B21295CA45500D9002D /* CharacterModel.swift in Sources */,
				09BD3B3B295CA57E00D9002D /* CharacterCardView.swift in Sources */,
				09BD3B2F295CA4FE00D9002D /* RickAndMortyViewModel.swift in Sources */,
				099CC09B295C9003001A4627 /* Database.swift in Sources */,
				09BD3B49295CA66400D9002D /* Locations.swift in Sources */,
				09BD3B43295CA63800D9002D /* EpisodeView.swift in Sources */,
				09BD3B2D295CA4AF00D9002D /* Character.swift in Sources */,
				099CC079295C8C95001A4627 /* R_MRestApp.swift in Sources */,
				09BD3B41295CA61300D9002D /* LocaleKeys.swift in Sources */,
				09BD3B29295CA49C00D9002D /* Location.swift in Sources */,
				09BD3B25295CA47C00D9002D /* EpisodeModel.swift in Sources */,
				09BD3B37295CA53000D9002D /* EpisodeDetailViewModel.swift in Sources */,
				09BD3B2B295CA4A700D9002D /* Favorites.swift in Sources */,
			);
			runOnlyForDeploymentPostprocessing = 0;
		};
/* End PBXSourcesBuildPhase section */

/* Begin XCBuildConfiguration section */
		099CC081295C8C96001A4627 /* Debug */ = {
			isa = XCBuildConfiguration;
			buildSettings = {
				ALWAYS_SEARCH_USER_PATHS = NO;
				CLANG_ANALYZER_NONNULL = YES;
				CLANG_ANALYZER_NUMBER_OBJECT_CONVERSION = YES_AGGRESSIVE;
				CLANG_CXX_LANGUAGE_STANDARD = "gnu++20";
				CLANG_ENABLE_MODULES = YES;
				CLANG_ENABLE_OBJC_ARC = YES;
				CLANG_ENABLE_OBJC_WEAK = YES;
				CLANG_WARN_BLOCK_CAPTURE_AUTORELEASING = YES;
				CLANG_WARN_BOOL_CONVERSION = YES;
				CLANG_WARN_COMMA = YES;
				CLANG_WARN_CONSTANT_CONVERSION = YES;
				CLANG_WARN_DEPRECATED_OBJC_IMPLEMENTATIONS = YES;
				CLANG_WARN_DIRECT_OBJC_ISA_USAGE = YES_ERROR;
				CLANG_WARN_DOCUMENTATION_COMMENTS = YES;
				CLANG_WARN_EMPTY_BODY = YES;
				CLANG_WARN_ENUM_CONVERSION = YES;
				CLANG_WARN_INFINITE_RECURSION = YES;
				CLANG_WARN_INT_CONVERSION = YES;
				CLANG_WARN_NON_LITERAL_NULL_CONVERSION = YES;
				CLANG_WARN_OBJC_IMPLICIT_RETAIN_SELF = YES;
				CLANG_WARN_OBJC_LITERAL_CONVERSION = YES;
				CLANG_WARN_OBJC_ROOT_CLASS = YES_ERROR;
				CLANG_WARN_QUOTED_INCLUDE_IN_FRAMEWORK_HEADER = YES;
				CLANG_WARN_RANGE_LOOP_ANALYSIS = YES;
				CLANG_WARN_STRICT_PROTOTYPES = YES;
				CLANG_WARN_SUSPICIOUS_MOVE = YES;
				CLANG_WARN_UNGUARDED_AVAILABILITY = YES_AGGRESSIVE;
				CLANG_WARN_UNREACHABLE_CODE = YES;
				CLANG_WARN__DUPLICATE_METHOD_MATCH = YES;
				COPY_PHASE_STRIP = NO;
				DEBUG_INFORMATION_FORMAT = dwarf;
				ENABLE_STRICT_OBJC_MSGSEND = YES;
				ENABLE_TESTABILITY = YES;
				GCC_C_LANGUAGE_STANDARD = gnu11;
				GCC_DYNAMIC_NO_PIC = NO;
				GCC_NO_COMMON_BLOCKS = YES;
				GCC_OPTIMIZATION_LEVEL = 0;
				GCC_PREPROCESSOR_DEFINITIONS = (
					"DEBUG=1",
					"$(inherited)",
				);
				GCC_WARN_64_TO_32_BIT_CONVERSION = YES;
				GCC_WARN_ABOUT_RETURN_TYPE = YES_ERROR;
				GCC_WARN_UNDECLARED_SELECTOR = YES;
				GCC_WARN_UNINITIALIZED_AUTOS = YES_AGGRESSIVE;
				GCC_WARN_UNUSED_FUNCTION = YES;
				GCC_WARN_UNUSED_VARIABLE = YES;
				IPHONEOS_DEPLOYMENT_TARGET = 16.1;
				MTL_ENABLE_DEBUG_INFO = INCLUDE_SOURCE;
				MTL_FAST_MATH = YES;
				ONLY_ACTIVE_ARCH = YES;
				SDKROOT = iphoneos;
				SWIFT_ACTIVE_COMPILATION_CONDITIONS = DEBUG;
				SWIFT_OPTIMIZATION_LEVEL = "-Onone";
			};
			name = Debug;
		};
		099CC082295C8C96001A4627 /* Release */ = {
			isa = XCBuildConfiguration;
			buildSettings = {
				ALWAYS_SEARCH_USER_PATHS = NO;
				CLANG_ANALYZER_NONNULL = YES;
				CLANG_ANALYZER_NUMBER_OBJECT_CONVERSION = YES_AGGRESSIVE;
				CLANG_CXX_LANGUAGE_STANDARD = "gnu++20";
				CLANG_ENABLE_MODULES = YES;
				CLANG_ENABLE_OBJC_ARC = YES;
				CLANG_ENABLE_OBJC_WEAK = YES;
				CLANG_WARN_BLOCK_CAPTURE_AUTORELEASING = YES;
				CLANG_WARN_BOOL_CONVERSION = YES;
				CLANG_WARN_COMMA = YES;
				CLANG_WARN_CONSTANT_CONVERSION = YES;
				CLANG_WARN_DEPRECATED_OBJC_IMPLEMENTATIONS = YES;
				CLANG_WARN_DIRECT_OBJC_ISA_USAGE = YES_ERROR;
				CLANG_WARN_DOCUMENTATION_COMMENTS = YES;
				CLANG_WARN_EMPTY_BODY = YES;
				CLANG_WARN_ENUM_CONVERSION = YES;
				CLANG_WARN_INFINITE_RECURSION = YES;
				CLANG_WARN_INT_CONVERSION = YES;
				CLANG_WARN_NON_LITERAL_NULL_CONVERSION = YES;
				CLANG_WARN_OBJC_IMPLICIT_RETAIN_SELF = YES;
				CLANG_WARN_OBJC_LITERAL_CONVERSION = YES;
				CLANG_WARN_OBJC_ROOT_CLASS = YES_ERROR;
				CLANG_WARN_QUOTED_INCLUDE_IN_FRAMEWORK_HEADER = YES;
				CLANG_WARN_RANGE_LOOP_ANALYSIS = YES;
				CLANG_WARN_STRICT_PROTOTYPES = YES;
				CLANG_WARN_SUSPICIOUS_MOVE = YES;
				CLANG_WARN_UNGUARDED_AVAILABILITY = YES_AGGRESSIVE;
				CLANG_WARN_UNREACHABLE_CODE = YES;
				CLANG_WARN__DUPLICATE_METHOD_MATCH = YES;
				COPY_PHASE_STRIP = NO;
				DEBUG_INFORMATION_FORMAT = "dwarf-with-dsym";
				ENABLE_NS_ASSERTIONS = NO;
				ENABLE_STRICT_OBJC_MSGSEND = YES;
				GCC_C_LANGUAGE_STANDARD = gnu11;
				GCC_NO_COMMON_BLOCKS = YES;
				GCC_WARN_64_TO_32_BIT_CONVERSION = YES;
				GCC_WARN_ABOUT_RETURN_TYPE = YES_ERROR;
				GCC_WARN_UNDECLARED_SELECTOR = YES;
				GCC_WARN_UNINITIALIZED_AUTOS = YES_AGGRESSIVE;
				GCC_WARN_UNUSED_FUNCTION = YES;
				GCC_WARN_UNUSED_VARIABLE = YES;
				IPHONEOS_DEPLOYMENT_TARGET = 16.1;
				MTL_ENABLE_DEBUG_INFO = NO;
				MTL_FAST_MATH = YES;
				SDKROOT = iphoneos;
				SWIFT_COMPILATION_MODE = wholemodule;
				SWIFT_OPTIMIZATION_LEVEL = "-O";
				VALIDATE_PRODUCT = YES;
			};
			name = Release;
		};
		099CC084295C8C96001A4627 /* Debug */ = {
			isa = XCBuildConfiguration;
			buildSettings = {
				ASSETCATALOG_COMPILER_APPICON_NAME = AppIcon;
				ASSETCATALOG_COMPILER_GLOBAL_ACCENT_COLOR_NAME = AccentColor;
				CODE_SIGN_STYLE = Automatic;
				CURRENT_PROJECT_VERSION = 1;
				DEVELOPMENT_ASSET_PATHS = "\"R&MRest/Preview Content\"";
				DEVELOPMENT_TEAM = 5BZ6343QNY;
				ENABLE_PREVIEWS = YES;
				GENERATE_INFOPLIST_FILE = YES;
				INFOPLIST_KEY_UIApplicationSceneManifest_Generation = YES;
				INFOPLIST_KEY_UIApplicationSupportsIndirectInputEvents = YES;
				INFOPLIST_KEY_UILaunchScreen_Generation = YES;
				INFOPLIST_KEY_UISupportedInterfaceOrientations_iPad = "UIInterfaceOrientationPortrait UIInterfaceOrientationPortraitUpsideDown UIInterfaceOrientationLandscapeLeft UIInterfaceOrientationLandscapeRight";
				INFOPLIST_KEY_UISupportedInterfaceOrientations_iPhone = "UIInterfaceOrientationPortrait UIInterfaceOrientationLandscapeLeft UIInterfaceOrientationLandscapeRight";
				LD_RUNPATH_SEARCH_PATHS = (
					"$(inherited)",
					"@executable_path/Frameworks",
				);
				MARKETING_VERSION = 1.0;
				PRODUCT_BUNDLE_IDENTIFIER = "com.adnancobanoglu8.R-MRest";
				PRODUCT_NAME = "$(TARGET_NAME)";
				SWIFT_EMIT_LOC_STRINGS = YES;
				SWIFT_VERSION = 5.0;
				TARGETED_DEVICE_FAMILY = "1,2";
			};
			name = Debug;
		};
		099CC085295C8C96001A4627 /* Release */ = {
			isa = XCBuildConfiguration;
			buildSettings = {
				ASSETCATALOG_COMPILER_APPICON_NAME = AppIcon;
				ASSETCATALOG_COMPILER_GLOBAL_ACCENT_COLOR_NAME = AccentColor;
				CODE_SIGN_STYLE = Automatic;
				CURRENT_PROJECT_VERSION = 1;
				DEVELOPMENT_ASSET_PATHS = "\"R&MRest/Preview Content\"";
				DEVELOPMENT_TEAM = 5BZ6343QNY;
				ENABLE_PREVIEWS = YES;
				GENERATE_INFOPLIST_FILE = YES;
				INFOPLIST_KEY_UIApplicationSceneManifest_Generation = YES;
				INFOPLIST_KEY_UIApplicationSupportsIndirectInputEvents = YES;
				INFOPLIST_KEY_UILaunchScreen_Generation = YES;
				INFOPLIST_KEY_UISupportedInterfaceOrientations_iPad = "UIInterfaceOrientationPortrait UIInterfaceOrientationPortraitUpsideDown UIInterfaceOrientationLandscapeLeft UIInterfaceOrientationLandscapeRight";
				INFOPLIST_KEY_UISupportedInterfaceOrientations_iPhone = "UIInterfaceOrientationPortrait UIInterfaceOrientationLandscapeLeft UIInterfaceOrientationLandscapeRight";
				LD_RUNPATH_SEARCH_PATHS = (
					"$(inherited)",
					"@executable_path/Frameworks",
				);
				MARKETING_VERSION = 1.0;
				PRODUCT_BUNDLE_IDENTIFIER = "com.adnancobanoglu8.R-MRest";
				PRODUCT_NAME = "$(TARGET_NAME)";
				SWIFT_EMIT_LOC_STRINGS = YES;
				SWIFT_VERSION = 5.0;
				TARGETED_DEVICE_FAMILY = "1,2";
			};
			name = Release;
		};
/* End XCBuildConfiguration section */

/* Begin XCConfigurationList section */
		099CC070295C8C95001A4627 /* Build configuration list for PBXProject "R&MRest" */ = {
			isa = XCConfigurationList;
			buildConfigurations = (
				099CC081295C8C96001A4627 /* Debug */,
				099CC082295C8C96001A4627 /* Release */,
			);
			defaultConfigurationIsVisible = 0;
			defaultConfigurationName = Release;
		};
		099CC083295C8C96001A4627 /* Build configuration list for PBXNativeTarget "R&MRest" */ = {
			isa = XCConfigurationList;
			buildConfigurations = (
				099CC084295C8C96001A4627 /* Debug */,
				099CC085295C8C96001A4627 /* Release */,
			);
			defaultConfigurationIsVisible = 0;
			defaultConfigurationName = Release;
		};
/* End XCConfigurationList section */
	};
	rootObject = 099CC06D295C8C95001A4627 /* Project object */;
}
